
Microsoft Visual Studio Solution File, Format Version 11.0
# Visual Studio 2010
Project("{FAE04EC0-301F-11D3-BF4B-00C04F79EFBC}") = "UnityVS.OpenWings.CSharp", "UnityVS.OpenWings.CSharp.csproj", "{F0823E52-190D-DB56-9993-57C5EC3CD756}"
EndProject
Global
	GlobalSection(SolutionConfigurationPlatforms) = preSolution
		Debug|Any CPU = Debug|Any CPU
		Release|Any CPU = Release|Any CPU
	EndGlobalSection
	GlobalSection(ProjectConfigurationPlatforms) = postSolution
		{F0823E52-190D-DB56-9993-57C5EC3CD756}.Debug|Any CPU.ActiveCfg = Debug|Any CPU
		{F0823E52-190D-DB56-9993-57C5EC3CD756}.Debug|Any CPU.Build.0 = Debug|Any CPU
		{F0823E52-190D-DB56-9993-57C5EC3CD756}.Release|Any CPU.ActiveCfg = Release|Any CPU
		{F0823E52-190D-DB56-9993-57C5EC3CD756}.Release|Any CPU.Build.0 = Release|Any CPU
	EndGlobalSection
	GlobalSection(SolutionProperties) = preSolution
		HideSolutionNode = FALSE
	EndGlobalSection
EndGlobal
